dependencies:
- name: cloudflared
  repository: https://jonasclaes.github.io/helm-cloudflared
  version: 0.1.4
- name: discord-bot
  repository: https://botivater.github.io/charts
  version: 0.1.3
digest: sha256:6632e6c48e2e3fdab6782b1676f81833a2c50e3b2b46a300b3d5e66913695e78
generated: "2022-05-30T23:46:09.08599148+02:00"
