dependencies:
- name: cloudflared
  repository: https://jonasclaes.github.io/helm-cloudflared
  version: 0.1.4
- name: discord-bot
  repository: https://botivater.github.io/charts
  version: 0.1.4
digest: sha256:fb9d069b6d3c2117a10c29437f52c5c5d70d6bf53d6b1899cf84f08b1babda4d
generated: "2022-05-31T11:25:13.163228553+02:00"
